// !$*UTF8*$!
{
	archiveVersion = 1;
	classes = {
	};
	objectVersion = 56;
	objects = {

/* Begin PBXBuildFile section */
		2E4A27B12930E828008838C5 /* FruttyApp.swift in Sources */ = {isa = PBXBuildFile; fileRef = 2E4A27B02930E828008838C5 /* FruttyApp.swift */; };
		2E4A27B32930E828008838C5 /* ContentView.swift in Sources */ = {isa = PBXBuildFile; fileRef = 2E4A27B22930E828008838C5 /* ContentView.swift */; };
		2E4A27B52930E82A008838C5 /* Assets.xcassets in Resources */ = {isa = PBXBuildFile; fileRef = 2E4A27B42930E82A008838C5 /* Assets.xcassets */; };
		2E4A27B82930E82A008838C5 /* Preview Assets.xcassets in Resources */ = {isa = PBXBuildFile; fileRef = 2E4A27B72930E82A008838C5 /* Preview Assets.xcassets */; };
		2E4A27C02930E9DB008838C5 /* FruitCard.swift in Sources */ = {isa = PBXBuildFile; fileRef = 2E4A27BF2930E9DB008838C5 /* FruitCard.swift */; };
		2E4A27C32930EE58008838C5 /* StartButton.swift in Sources */ = {isa = PBXBuildFile; fileRef = 2E4A27C22930EE58008838C5 /* StartButton.swift */; };
		2E4A27C52930F4DE008838C5 /* OnBoardingView.swift in Sources */ = {isa = PBXBuildFile; fileRef = 2E4A27C42930F4DE008838C5 /* OnBoardingView.swift */; };
		2E4A27C829310D6C008838C5 /* FruitModel.swift in Sources */ = {isa = PBXBuildFile; fileRef = 2E4A27C729310D6B008838C5 /* FruitModel.swift */; };
		2E4A27CB29310E4F008838C5 /* FruitData.swift in Sources */ = {isa = PBXBuildFile; fileRef = 2E4A27CA29310E4F008838C5 /* FruitData.swift */; };
		2E4A27CD2931160A008838C5 /* FruitCardRowView.swift in Sources */ = {isa = PBXBuildFile; fileRef = 2E4A27CC2931160A008838C5 /* FruitCardRowView.swift */; };
		2E4A27CF29311A46008838C5 /* FruitDetailView.swift in Sources */ = {isa = PBXBuildFile; fileRef = 2E4A27CE29311A46008838C5 /* FruitDetailView.swift */; };
		2E4A27D129311D5E008838C5 /* FruitHeaderView.swift in Sources */ = {isa = PBXBuildFile; fileRef = 2E4A27D029311D5E008838C5 /* FruitHeaderView.swift */; };
		2E4A27D3293170AC008838C5 /* FruitNutritionView.swift in Sources */ = {isa = PBXBuildFile; fileRef = 2E4A27D2293170AC008838C5 /* FruitNutritionView.swift */; };
/* End PBXBuildFile section */

/* Begin PBXFileReference section */
		2E4A27AD2930E828008838C5 /* Frutty.app */ = {isa = PBXFileReference; explicitFileType = wrapper.application; includeInIndex = 0; path = Frutty.app; sourceTree = BUILT_PRODUCTS_DIR; };
		2E4A27B02930E828008838C5 /* FruttyApp.swift */ = {isa = PBXFileReference; lastKnownFileType = sourcecode.swift; path = FruttyApp.swift; sourceTree = "<group>"; };
		2E4A27B22930E828008838C5 /* ContentView.swift */ = {isa = PBXFileReference; lastKnownFileType = sourcecode.swift; path = ContentView.swift; sourceTree = "<group>"; };
		2E4A27B42930E82A008838C5 /* Assets.xcassets */ = {isa = PBXFileReference; lastKnownFileType = folder.assetcatalog; path = Assets.xcassets; sourceTree = "<group>"; };
		2E4A27B72930E82A008838C5 /* Preview Assets.xcassets */ = {isa = PBXFileReference; lastKnownFileType = folder.assetcatalog; path = "Preview Assets.xcassets"; sourceTree = "<group>"; };
		2E4A27BF2930E9DB008838C5 /* FruitCard.swift */ = {isa = PBXFileReference; lastKnownFileType = sourcecode.swift; path = FruitCard.swift; sourceTree = "<group>"; };
		2E4A27C22930EE58008838C5 /* StartButton.swift */ = {isa = PBXFileReference; lastKnownFileType = sourcecode.swift; path = StartButton.swift; sourceTree = "<group>"; };
		2E4A27C42930F4DE008838C5 /* OnBoardingView.swift */ = {isa = PBXFileReference; lastKnownFileType = sourcecode.swift; path = OnBoardingView.swift; sourceTree = "<group>"; };
		2E4A27C729310D6B008838C5 /* FruitModel.swift */ = {isa = PBXFileReference; lastKnownFileType = sourcecode.swift; path = FruitModel.swift; sourceTree = "<group>"; };
		2E4A27CA29310E4F008838C5 /* FruitData.swift */ = {isa = PBXFileReference; lastKnownFileType = sourcecode.swift; path = FruitData.swift; sourceTree = "<group>"; };
		2E4A27CC2931160A008838C5 /* FruitCardRowView.swift */ = {isa = PBXFileReference; lastKnownFileType = sourcecode.swift; path = FruitCardRowView.swift; sourceTree = "<group>"; };
		2E4A27CE29311A46008838C5 /* FruitDetailView.swift */ = {isa = PBXFileReference; lastKnownFileType = sourcecode.swift; path = FruitDetailView.swift; sourceTree = "<group>"; };
		2E4A27D029311D5E008838C5 /* FruitHeaderView.swift */ = {isa = PBXFileReference; lastKnownFileType = sourcecode.swift; path = FruitHeaderView.swift; sourceTree = "<group>"; };
		2E4A27D2293170AC008838C5 /* FruitNutritionView.swift */ = {isa = PBXFileReference; lastKnownFileType = sourcecode.swift; path = FruitNutritionView.swift; sourceTree = "<group>"; };
/* End PBXFileReference section */

/* Begin PBXFrameworksBuildPhase section */
		2E4A27AA2930E828008838C5 /* Frameworks */ = {
			isa = PBXFrameworksBuildPhase;
			buildActionMask = 2147483647;
			files = (
			);
			runOnlyForDeploymentPostprocessing = 0;
		};
/* End PBXFrameworksBuildPhase section */

/* Begin PBXGroup section */
		2E4A27A42930E828008838C5 = {
			isa = PBXGroup;
			children = (
				2E4A27AF2930E828008838C5 /* Frutty */,
				2E4A27AE2930E828008838C5 /* Products */,
			);
			sourceTree = "<group>";
		};
		2E4A27AE2930E828008838C5 /* Products */ = {
			isa = PBXGroup;
			children = (
				2E4A27AD2930E828008838C5 /* Frutty.app */,
			);
			name = Products;
			sourceTree = "<group>";
		};
		2E4A27AF2930E828008838C5 /* Frutty */ = {
			isa = PBXGroup;
			children = (
				2E4A27C929310E29008838C5 /* Data */,
				2E4A27C629310D43008838C5 /* Models */,
				2E4A27C12930EE48008838C5 /* Views */,
				2E4A27B02930E828008838C5 /* FruttyApp.swift */,
				2E4A27BE2930E990008838C5 /* Screens */,
				2E4A27B42930E82A008838C5 /* Assets.xcassets */,
				2E4A27B62930E82A008838C5 /* Preview Content */,
			);
			path = Frutty;
			sourceTree = "<group>";
		};
		2E4A27B62930E82A008838C5 /* Preview Content */ = {
			isa = PBXGroup;
			children = (
				2E4A27B72930E82A008838C5 /* Preview Assets.xcassets */,
			);
			path = "Preview Content";
			sourceTree = "<group>";
		};
		2E4A27BE2930E990008838C5 /* Screens */ = {
			isa = PBXGroup;
			children = (
				2E4A27B22930E828008838C5 /* ContentView.swift */,
				2E4A27C42930F4DE008838C5 /* OnBoardingView.swift */,
				2E4A27CE29311A46008838C5 /* FruitDetailView.swift */,
			);
			path = Screens;
			sourceTree = "<group>";
		};
		2E4A27C12930EE48008838C5 /* Views */ = {
			isa = PBXGroup;
			children = (
				2E4A27BF2930E9DB008838C5 /* FruitCard.swift */,
				2E4A27C22930EE58008838C5 /* StartButton.swift */,
				2E4A27CC2931160A008838C5 /* FruitCardRowView.swift */,
				2E4A27D029311D5E008838C5 /* FruitHeaderView.swift */,
				2E4A27D2293170AC008838C5 /* FruitNutritionView.swift */,
			);
			path = Views;
			sourceTree = "<group>";
		};
		2E4A27C629310D43008838C5 /* Models */ = {
			isa = PBXGroup;
			children = (
				2E4A27C729310D6B008838C5 /* FruitModel.swift */,
			);
			path = Models;
			sourceTree = "<group>";
		};
		2E4A27C929310E29008838C5 /* Data */ = {
			isa = PBXGroup;
			children = (
				2E4A27CA29310E4F008838C5 /* FruitData.swift */,
			);
			path = Data;
			sourceTree = "<group>";
		};
/* End PBXGroup section */

/* Begin PBXNativeTarget section */
		2E4A27AC2930E828008838C5 /* Frutty */ = {
			isa = PBXNativeTarget;
			buildConfigurationList = 2E4A27BB2930E82A008838C5 /* Build configuration list for PBXNativeTarget "Frutty" */;
			buildPhases = (
				2E4A27A92930E828008838C5 /* Sources */,
				2E4A27AA2930E828008838C5 /* Frameworks */,
				2E4A27AB2930E828008838C5 /* Resources */,
			);
			buildRules = (
			);
			dependencies = (
			);
			name = Frutty;
			productName = Frutty;
			productReference = 2E4A27AD2930E828008838C5 /* Frutty.app */;
			productType = "com.apple.product-type.application";
		};
/* End PBXNativeTarget section */

/* Begin PBXProject section */
		2E4A27A52930E828008838C5 /* Project object */ = {
			isa = PBXProject;
			attributes = {
				BuildIndependentTargetsInParallel = 1;
				LastSwiftUpdateCheck = 1410;
				LastUpgradeCheck = 1410;
				TargetAttributes = {
					2E4A27AC2930E828008838C5 = {
						CreatedOnToolsVersion = 14.1;
					};
				};
			};
			buildConfigurationList = 2E4A27A82930E828008838C5 /* Build configuration list for PBXProject "Frutty" */;
			compatibilityVersion = "Xcode 14.0";
			developmentRegion = en;
			hasScannedForEncodings = 0;
			knownRegions = (
				en,
				Base,
			);
			mainGroup = 2E4A27A42930E828008838C5;
			productRefGroup = 2E4A27AE2930E828008838C5 /* Products */;
			projectDirPath = "";
			projectRoot = "";
			targets = (
				2E4A27AC2930E828008838C5 /* Frutty */,
			);
		};
/* End PBXProject section */

/* Begin PBXResourcesBuildPhase section */
		2E4A27AB2930E828008838C5 /* Resources */ = {
			isa = PBXResourcesBuildPhase;
			buildActionMask = 2147483647;
			files = (
				2E4A27B82930E82A008838C5 /* Preview Assets.xcassets in Resources */,
				2E4A27B52930E82A008838C5 /* Assets.xcassets in Resources */,
			);
			runOnlyForDeploymentPostprocessing = 0;
		};
/* End PBXResourcesBuildPhase section */

/* Begin PBXSourcesBuildPhase section */
		2E4A27A92930E828008838C5 /* Sources */ = {
			isa = PBXSourcesBuildPhase;
			buildActionMask = 2147483647;
			files = (
				2E4A27CD2931160A008838C5 /* FruitCardRowView.swift in Sources */,
				2E4A27CB29310E4F008838C5 /* FruitData.swift in Sources */,
				2E4A27C02930E9DB008838C5 /* FruitCard.swift in Sources */,
				2E4A27B32930E828008838C5 /* ContentView.swift in Sources */,
				2E4A27CF29311A46008838C5 /* FruitDetailView.swift in Sources */,
				2E4A27C32930EE58008838C5 /* StartButton.swift in Sources */,
				2E4A27D129311D5E008838C5 /* FruitHeaderView.swift in Sources */,
				2E4A27D3293170AC008838C5 /* FruitNutritionView.swift in Sources */,
				2E4A27C52930F4DE008838C5 /* OnBoardingView.swift in Sources */,
				2E4A27C829310D6C008838C5 /* FruitModel.swift in Sources */,
				2E4A27B12930E828008838C5 /* FruttyApp.swift in Sources */,
			);
			runOnlyForDeploymentPostprocessing = 0;
		};
/* End PBXSourcesBuildPhase section */

/* Begin XCBuildConfiguration section */
		2E4A27B92930E82A008838C5 /* Debug */ = {
			isa = XCBuildConfiguration;
			buildSettings = {
				ALWAYS_SEARCH_USER_PATHS = NO;
				CLANG_ANALYZER_NONNULL = YES;
				CLANG_ANALYZER_NUMBER_OBJECT_CONVERSION = YES_AGGRESSIVE;
				CLANG_CXX_LANGUAGE_STANDARD = "gnu++20";
				CLANG_ENABLE_MODULES = YES;
				CLANG_ENABLE_OBJC_ARC = YES;
				CLANG_ENABLE_OBJC_WEAK = YES;
				CLANG_WARN_BLOCK_CAPTURE_AUTORELEASING = YES;
				CLANG_WARN_BOOL_CONVERSION = YES;
				CLANG_WARN_COMMA = YES;
				CLANG_WARN_CONSTANT_CONVERSION = YES;
				CLANG_WARN_DEPRECATED_OBJC_IMPLEMENTATIONS = YES;
				CLANG_WARN_DIRECT_OBJC_ISA_USAGE = YES_ERROR;
				CLANG_WARN_DOCUMENTATION_COMMENTS = YES;
				CLANG_WARN_EMPTY_BODY = YES;
				CLANG_WARN_ENUM_CONVERSION = YES;
				CLANG_WARN_INFINITE_RECURSION = YES;
				CLANG_WARN_INT_CONVERSION = YES;
				CLANG_WARN_NON_LITERAL_NULL_CONVERSION = YES;
				CLANG_WARN_OBJC_IMPLICIT_RETAIN_SELF = YES;
				CLANG_WARN_OBJC_LITERAL_CONVERSION = YES;
				CLANG_WARN_OBJC_ROOT_CLASS = YES_ERROR;
				CLANG_WARN_QUOTED_INCLUDE_IN_FRAMEWORK_HEADER = YES;
				CLANG_WARN_RANGE_LOOP_ANALYSIS = YES;
				CLANG_WARN_STRICT_PROTOTYPES = YES;
				CLANG_WARN_SUSPICIOUS_MOVE = YES;
				CLANG_WARN_UNGUARDED_AVAILABILITY = YES_AGGRESSIVE;
				CLANG_WARN_UNREACHABLE_CODE = YES;
				CLANG_WARN__DUPLICATE_METHOD_MATCH = YES;
				COPY_PHASE_STRIP = NO;
				DEBUG_INFORMATION_FORMAT = dwarf;
				ENABLE_STRICT_OBJC_MSGSEND = YES;
				ENABLE_TESTABILITY = YES;
				GCC_C_LANGUAGE_STANDARD = gnu11;
				GCC_DYNAMIC_NO_PIC = NO;
				GCC_NO_COMMON_BLOCKS = YES;
				GCC_OPTIMIZATION_LEVEL = 0;
				GCC_PREPROCESSOR_DEFINITIONS = (
					"DEBUG=1",
					"$(inherited)",
				);
				GCC_WARN_64_TO_32_BIT_CONVERSION = YES;
				GCC_WARN_ABOUT_RETURN_TYPE = YES_ERROR;
				GCC_WARN_UNDECLARED_SELECTOR = YES;
				GCC_WARN_UNINITIALIZED_AUTOS = YES_AGGRESSIVE;
				GCC_WARN_UNUSED_FUNCTION = YES;
				GCC_WARN_UNUSED_VARIABLE = YES;
				IPHONEOS_DEPLOYMENT_TARGET = 16.1;
				MTL_ENABLE_DEBUG_INFO = INCLUDE_SOURCE;
				MTL_FAST_MATH = YES;
				ONLY_ACTIVE_ARCH = YES;
				SDKROOT = iphoneos;
				SWIFT_ACTIVE_COMPILATION_CONDITIONS = DEBUG;
				SWIFT_OPTIMIZATION_LEVEL = "-Onone";
			};
			name = Debug;
		};
		2E4A27BA2930E82A008838C5 /* Release */ = {
			isa = XCBuildConfiguration;
			buildSettings = {
				ALWAYS_SEARCH_USER_PATHS = NO;
				CLANG_ANALYZER_NONNULL = YES;
				CLANG_ANALYZER_NUMBER_OBJECT_CONVERSION = YES_AGGRESSIVE;
				CLANG_CXX_LANGUAGE_STANDARD = "gnu++20";
				CLANG_ENABLE_MODULES = YES;
				CLANG_ENABLE_OBJC_ARC = YES;
				CLANG_ENABLE_OBJC_WEAK = YES;
				CLANG_WARN_BLOCK_CAPTURE_AUTORELEASING = YES;
				CLANG_WARN_BOOL_CONVERSION = YES;
				CLANG_WARN_COMMA = YES;
				CLANG_WARN_CONSTANT_CONVERSION = YES;
				CLANG_WARN_DEPRECATED_OBJC_IMPLEMENTATIONS = YES;
				CLANG_WARN_DIRECT_OBJC_ISA_USAGE = YES_ERROR;
				CLANG_WARN_DOCUMENTATION_COMMENTS = YES;
				CLANG_WARN_EMPTY_BODY = YES;
				CLANG_WARN_ENUM_CONVERSION = YES;
				CLANG_WARN_INFINITE_RECURSION = YES;
				CLANG_WARN_INT_CONVERSION = YES;
				CLANG_WARN_NON_LITERAL_NULL_CONVERSION = YES;
				CLANG_WARN_OBJC_IMPLICIT_RETAIN_SELF = YES;
				CLANG_WARN_OBJC_LITERAL_CONVERSION = YES;
				CLANG_WARN_OBJC_ROOT_CLASS = YES_ERROR;
				CLANG_WARN_QUOTED_INCLUDE_IN_FRAMEWORK_HEADER = YES;
				CLANG_WARN_RANGE_LOOP_ANALYSIS = YES;
				CLANG_WARN_STRICT_PROTOTYPES = YES;
				CLANG_WARN_SUSPICIOUS_MOVE = YES;
				CLANG_WARN_UNGUARDED_AVAILABILITY = YES_AGGRESSIVE;
				CLANG_WARN_UNREACHABLE_CODE = YES;
				CLANG_WARN__DUPLICATE_METHOD_MATCH = YES;
				COPY_PHASE_STRIP = NO;
				DEBUG_INFORMATION_FORMAT = "dwarf-with-dsym";
				ENABLE_NS_ASSERTIONS = NO;
				ENABLE_STRICT_OBJC_MSGSEND = YES;
				GCC_C_LANGUAGE_STANDARD = gnu11;
				GCC_NO_COMMON_BLOCKS = YES;
				GCC_WARN_64_TO_32_BIT_CONVERSION = YES;
				GCC_WARN_ABOUT_RETURN_TYPE = YES_ERROR;
				GCC_WARN_UNDECLARED_SELECTOR = YES;
				GCC_WARN_UNINITIALIZED_AUTOS = YES_AGGRESSIVE;
				GCC_WARN_UNUSED_FUNCTION = YES;
				GCC_WARN_UNUSED_VARIABLE = YES;
				IPHONEOS_DEPLOYMENT_TARGET = 16.1;
				MTL_ENABLE_DEBUG_INFO = NO;
				MTL_FAST_MATH = YES;
				SDKROOT = iphoneos;
				SWIFT_COMPILATION_MODE = wholemodule;
				SWIFT_OPTIMIZATION_LEVEL = "-O";
				VALIDATE_PRODUCT = YES;
			};
			name = Release;
		};
		2E4A27BC2930E82A008838C5 /* Debug */ = {
			isa = XCBuildConfiguration;
			buildSettings = {
				ASSETCATALOG_COMPILER_APPICON_NAME = AppIcon;
				ASSETCATALOG_COMPILER_GLOBAL_ACCENT_COLOR_NAME = AccentColor;
				CODE_SIGN_STYLE = Automatic;
				CURRENT_PROJECT_VERSION = 1;
				DEVELOPMENT_ASSET_PATHS = "\"Frutty/Preview Content\"";
				DEVELOPMENT_TEAM = K2GZT8VA4V;
				ENABLE_PREVIEWS = YES;
				GENERATE_INFOPLIST_FILE = YES;
				INFOPLIST_KEY_UIApplicationSceneManifest_Generation = YES;
				INFOPLIST_KEY_UIApplicationSupportsIndirectInputEvents = YES;
				INFOPLIST_KEY_UILaunchScreen_Generation = YES;
				INFOPLIST_KEY_UISupportedInterfaceOrientations = UIInterfaceOrientationPortrait;
				INFOPLIST_KEY_UISupportedInterfaceOrientations_iPad = "UIInterfaceOrientationLandscapeLeft UIInterfaceOrientationLandscapeRight UIInterfaceOrientationPortrait UIInterfaceOrientationPortraitUpsideDown";
				LD_RUNPATH_SEARCH_PATHS = (
					"$(inherited)",
					"@executable_path/Frameworks",
				);
				MARKETING_VERSION = 1.0;
				PRODUCT_BUNDLE_IDENTIFIER = com.ardijorganxhi.Frutty;
				PRODUCT_NAME = "$(TARGET_NAME)";
				SWIFT_EMIT_LOC_STRINGS = YES;
				SWIFT_VERSION = 5.0;
				TARGETED_DEVICE_FAMILY = "1,2";
			};
			name = Debug;
		};
		2E4A27BD2930E82A008838C5 /* Release */ = {
			isa = XCBuildConfiguration;
			buildSettings = {
				ASSETCATALOG_COMPILER_APPICON_NAME = AppIcon;
				ASSETCATALOG_COMPILER_GLOBAL_ACCENT_COLOR_NAME = AccentColor;
				CODE_SIGN_STYLE = Automatic;
				CURRENT_PROJECT_VERSION = 1;
				DEVELOPMENT_ASSET_PATHS = "\"Frutty/Preview Content\"";
				DEVELOPMENT_TEAM = K2GZT8VA4V;
				ENABLE_PREVIEWS = YES;
				GENERATE_INFOPLIST_FILE = YES;
				INFOPLIST_KEY_UIApplicationSceneManifest_Generation = YES;
				INFOPLIST_KEY_UIApplicationSupportsIndirectInputEvents = YES;
				INFOPLIST_KEY_UILaunchScreen_Generation = YES;
				INFOPLIST_KEY_UISupportedInterfaceOrientations = UIInterfaceOrientationPortrait;
				INFOPLIST_KEY_UISupportedInterfaceOrientations_iPad = "UIInterfaceOrientationLandscapeLeft UIInterfaceOrientationLandscapeRight UIInterfaceOrientationPortrait UIInterfaceOrientationPortraitUpsideDown";
				LD_RUNPATH_SEARCH_PATHS = (
					"$(inherited)",
					"@executable_path/Frameworks",
				);
				MARKETING_VERSION = 1.0;
				PRODUCT_BUNDLE_IDENTIFIER = com.ardijorganxhi.Frutty;
				PRODUCT_NAME = "$(TARGET_NAME)";
				SWIFT_EMIT_LOC_STRINGS = YES;
				SWIFT_VERSION = 5.0;
				TARGETED_DEVICE_FAMILY = "1,2";
			};
			name = Release;
		};
/* End XCBuildConfiguration section */

/* Begin XCConfigurationList section */
		2E4A27A82930E828008838C5 /* Build configuration list for PBXProject "Frutty" */ = {
			isa = XCConfigurationList;
			buildConfigurations = (
				2E4A27B92930E82A008838C5 /* Debug */,
				2E4A27BA2930E82A008838C5 /* Release */,
			);
			defaultConfigurationIsVisible = 0;
			defaultConfigurationName = Release;
		};
		2E4A27BB2930E82A008838C5 /* Build configuration list for PBXNativeTarget "Frutty" */ = {
			isa = XCConfigurationList;
			buildConfigurations = (
				2E4A27BC2930E82A008838C5 /* Debug */,
				2E4A27BD2930E82A008838C5 /* Release */,
			);
			defaultConfigurationIsVisible = 0;
			defaultConfigurationName = Release;
		};
/* End XCConfigurationList section */
	};
	rootObject = 2E4A27A52930E828008838C5 /* Project object */;
}
